
Microsoft Visual Studio Solution File, Format Version 12.00
# Visual Studio Version 17
VisualStudioVersion = 17.10.35027.167
MinimumVisualStudioVersion = 10.0.40219.1
Project("{FAE04EC0-301F-11D3-BF4B-00C04F79EFBC}") = "CAInheritance", "CAInheritance\CAInheritance.csproj", "{B750BC1A-54C6-4D91-B8E1-6A5CEED08C9D}"
EndProject
Global
	GlobalSection(SolutionConfigurationPlatforms) = preSolution
		Debug|Any CPU = Debug|Any CPU
		Release|Any CPU = Release|Any CPU
	EndGlobalSection
	GlobalSection(ProjectConfigurationPlatforms) = postSolution
		{B750BC1A-54C6-4D91-B8E1-6A5CEED08C9D}.Debug|Any CPU.ActiveCfg = Debug|Any CPU
		{B750BC1A-54C6-4D91-B8E1-6A5CEED08C9D}.Debug|Any CPU.Build.0 = Debug|Any CPU
		{B750BC1A-54C6-4D91-B8E1-6A5CEED08C9D}.Release|Any CPU.ActiveCfg = Release|Any CPU
		{B750BC1A-54C6-4D91-B8E1-6A5CEED08C9D}.Release|Any CPU.Build.0 = Release|Any CPU
	EndGlobalSection
	GlobalSection(SolutionProperties) = preSolution
		HideSolutionNode = FALSE
	EndGlobalSection
	GlobalSection(ExtensibilityGlobals) = postSolution
		SolutionGuid = {0B1AF166-1343-4578-841D-20546F52C52E}
	EndGlobalSection
EndGlobal
